
Microsoft Visual Studio Solution File, Format Version 12.00
# Visual Studio Version 17
VisualStudioVersion = 17.13.35931.197 d17.13
MinimumVisualStudioVersion = 10.0.40219.1
Project("{FAE04EC0-301F-11D3-BF4B-00C04F79EFBC}") = "SolarTest", "SolarTest\SolarTest.csproj", "{A94D0EA4-EADE-4592-9601-11FC5315936B}"
EndProject
Global
	GlobalSection(SolutionConfigurationPlatforms) = preSolution
		Debug|Any CPU = Debug|Any CPU
		Release|Any CPU = Release|Any CPU
	EndGlobalSection
	GlobalSection(ProjectConfigurationPlatforms) = postSolution
		{A94D0EA4-EADE-4592-9601-11FC5315936B}.Debug|Any CPU.ActiveCfg = Debug|Any CPU
		{A94D0EA4-EADE-4592-9601-11FC5315936B}.Debug|Any CPU.Build.0 = Debug|Any CPU
		{A94D0EA4-EADE-4592-9601-11FC5315936B}.Release|Any CPU.ActiveCfg = Release|Any CPU
		{A94D0EA4-EADE-4592-9601-11FC5315936B}.Release|Any CPU.Build.0 = Release|Any CPU
	EndGlobalSection
	GlobalSection(SolutionProperties) = preSolution
		HideSolutionNode = FALSE
	EndGlobalSection
	GlobalSection(ExtensibilityGlobals) = postSolution
		SolutionGuid = {54ED15F7-EAD9-45D2-88EE-279326A26467}
	EndGlobalSection
EndGlobal
