
Microsoft Visual Studio Solution File, Format Version 12.00
# Visual Studio Version 17
VisualStudioVersion = 17.13.35931.197 d17.13
MinimumVisualStudioVersion = 10.0.40219.1
Project("{FAE04EC0-301F-11D3-BF4B-00C04F79EFBC}") = "MqttTestApp", "MqttTestApp\MqttTestApp.csproj", "{922FB869-3D39-4411-9723-F456F3EDFB37}"
EndProject
Global
	GlobalSection(SolutionConfigurationPlatforms) = preSolution
		Debug|Any CPU = Debug|Any CPU
		Release|Any CPU = Release|Any CPU
	EndGlobalSection
	GlobalSection(ProjectConfigurationPlatforms) = postSolution
		{922FB869-3D39-4411-9723-F456F3EDFB37}.Debug|Any CPU.ActiveCfg = Debug|Any CPU
		{922FB869-3D39-4411-9723-F456F3EDFB37}.Debug|Any CPU.Build.0 = Debug|Any CPU
		{922FB869-3D39-4411-9723-F456F3EDFB37}.Release|Any CPU.ActiveCfg = Release|Any CPU
		{922FB869-3D39-4411-9723-F456F3EDFB37}.Release|Any CPU.Build.0 = Release|Any CPU
	EndGlobalSection
	GlobalSection(SolutionProperties) = preSolution
		HideSolutionNode = FALSE
	EndGlobalSection
	GlobalSection(ExtensibilityGlobals) = postSolution
		SolutionGuid = {214CF8B0-82CD-49EA-809D-984985BC3A32}
	EndGlobalSection
EndGlobal
